
Microsoft Visual Studio Solution File, Format Version 12.00
# Visual Studio Version 16
VisualStudioVersion = 16.0.29613.14
MinimumVisualStudioVersion = 10.0.40219.1
Project("{FAE04EC0-301F-11D3-BF4B-00C04F79EFBC}") = "ASPNETWebForms_DOTNETFramework", "ASPNETWebForms_DOTNETFramework\ASPNETWebForms_DOTNETFramework.csproj", "{246BCA40-525D-4BC0-8E9C-6F659BD8127A}"
EndProject
Global
	GlobalSection(SolutionConfigurationPlatforms) = preSolution
		Debug|Any CPU = Debug|Any CPU
		Release|Any CPU = Release|Any CPU
	EndGlobalSection
	GlobalSection(ProjectConfigurationPlatforms) = postSolution
		{246BCA40-525D-4BC0-8E9C-6F659BD8127A}.Debug|Any CPU.ActiveCfg = Debug|Any CPU
		{246BCA40-525D-4BC0-8E9C-6F659BD8127A}.Debug|Any CPU.Build.0 = Debug|Any CPU
		{246BCA40-525D-4BC0-8E9C-6F659BD8127A}.Release|Any CPU.ActiveCfg = Release|Any CPU
		{246BCA40-525D-4BC0-8E9C-6F659BD8127A}.Release|Any CPU.Build.0 = Release|Any CPU
	EndGlobalSection
	GlobalSection(SolutionProperties) = preSolution
		HideSolutionNode = FALSE
	EndGlobalSection
	GlobalSection(ExtensibilityGlobals) = postSolution
		SolutionGuid = {80BA7C11-EC04-47C1-A427-3BF148DF696E}
	EndGlobalSection
EndGlobal
